// !$*UTF8*$!
{
	archiveVersion = 1;
	classes = {
	};
	objectVersion = 46;
	objects = {

/* Begin PBXBuildFile section */
		8BCB0195FF465ECB27A3736A /* Pods_ExampleTests.framework in Frameworks */ = {isa = PBXBuildFile; fileRef = 418555A15A040D7520D59D0E /* Pods_ExampleTests.framework */; };
		913628AC6D93CEA7FE704FE0 /* Pods_Example.framework in Frameworks */ = {isa = PBXBuildFile; fileRef = 97F1215CC4667B9D148EDD1A /* Pods_Example.framework */; };
		FB1E0A301DDFE1CA00738DB2 /* Results+toArray.swift in Sources */ = {isa = PBXBuildFile; fileRef = FB1E0A2F1DDFE1CA00738DB2 /* Results+toArray.swift */; };
		FB1E0A351DE008A000738DB2 /* UserSignupViewModel.swift in Sources */ = {isa = PBXBuildFile; fileRef = FB1E0A341DE008A000738DB2 /* UserSignupViewModel.swift */; };
		FB1E0A3A1DE00C9700738DB2 /* UserProvisioningService.swift in Sources */ = {isa = PBXBuildFile; fileRef = FB1E0A391DE00C9700738DB2 /* UserProvisioningService.swift */; };
		FB1E0A3C1DE00CB800738DB2 /* ProvisioningServiceType.swift in Sources */ = {isa = PBXBuildFile; fileRef = FB1E0A3B1DE00CB800738DB2 /* ProvisioningServiceType.swift */; };
		FB1E0A3E1DE0120400738DB2 /* UserAuthenticationToken.swift in Sources */ = {isa = PBXBuildFile; fileRef = FB1E0A3D1DE0120400738DB2 /* UserAuthenticationToken.swift */; };
		FB1E0A481DE0DB1200738DB2 /* Bindable.swift in Sources */ = {isa = PBXBuildFile; fileRef = FB1E0A471DE0DB1200738DB2 /* Bindable.swift */; };
		FB1E0A4E1DE0E11500738DB2 /* InputValidationService.swift in Sources */ = {isa = PBXBuildFile; fileRef = FB1E0A4D1DE0E11500738DB2 /* InputValidationService.swift */; };
		FB34754A1DCEBAEC00B9873F /* AppDelegate.swift in Sources */ = {isa = PBXBuildFile; fileRef = FB3475491DCEBAEC00B9873F /* AppDelegate.swift */; };
		FB34754C1DCEBAEC00B9873F /* ViewController.swift in Sources */ = {isa = PBXBuildFile; fileRef = FB34754B1DCEBAEC00B9873F /* ViewController.swift */; };
		FB34754F1DCEBAEC00B9873F /* Main.storyboard in Resources */ = {isa = PBXBuildFile; fileRef = FB34754D1DCEBAEC00B9873F /* Main.storyboard */; };
		FB3475511DCEBAEC00B9873F /* Assets.xcassets in Resources */ = {isa = PBXBuildFile; fileRef = FB3475501DCEBAEC00B9873F /* Assets.xcassets */; };
		FB3475541DCEBAEC00B9873F /* LaunchScreen.storyboard in Resources */ = {isa = PBXBuildFile; fileRef = FB3475521DCEBAEC00B9873F /* LaunchScreen.storyboard */; };
		FB34755F1DCEBAED00B9873F /* ExampleTests.swift in Sources */ = {isa = PBXBuildFile; fileRef = FB34755E1DCEBAED00B9873F /* ExampleTests.swift */; };
		FB34756B1DCEBBFC00B9873F /* NetworkServiceType.swift in Sources */ = {isa = PBXBuildFile; fileRef = FB34756A1DCEBBFC00B9873F /* NetworkServiceType.swift */; };
		FB654ABD1DE124810016627E /* UIViewController+Alert.swift in Sources */ = {isa = PBXBuildFile; fileRef = FB654ABC1DE124810016627E /* UIViewController+Alert.swift */; };
		FB654ABF1DE124CA0016627E /* UIAlertController+Convenience.swift in Sources */ = {isa = PBXBuildFile; fileRef = FB654ABE1DE124CA0016627E /* UIAlertController+Convenience.swift */; };
		FB654AC11DE127820016627E /* UserSignupViewModel+Delegate.swift in Sources */ = {isa = PBXBuildFile; fileRef = FB654AC01DE127820016627E /* UserSignupViewModel+Delegate.swift */; };
		FB654AC31DE207510016627E /* Segue+Perform.swift in Sources */ = {isa = PBXBuildFile; fileRef = FB654AC21DE207510016627E /* Segue+Perform.swift */; };
		FB654AC51DE207B10016627E /* ColorsViewController.swift in Sources */ = {isa = PBXBuildFile; fileRef = FB654AC41DE207B10016627E /* ColorsViewController.swift */; };
		FB81DFA71DD2A44000EE4615 /* User.swift in Sources */ = {isa = PBXBuildFile; fileRef = FB81DFA61DD2A44000EE4615 /* User.swift */; };
		FB81DFA91DD2A5A100EE4615 /* ServiceLocator.swift in Sources */ = {isa = PBXBuildFile; fileRef = FB81DFA81DD2A5A100EE4615 /* ServiceLocator.swift */; };
		FB81DFAC1DD2A7A200EE4615 /* UIColor+Hex.swift in Sources */ = {isa = PBXBuildFile; fileRef = FB81DFAB1DD2A7A200EE4615 /* UIColor+Hex.swift */; };
		FBA356EE1DD534EB00DEEBF1 /* KeychainService.swift in Sources */ = {isa = PBXBuildFile; fileRef = FBA356ED1DD534EB00DEEBF1 /* KeychainService.swift */; };
		FBA356F01DD5355100DEEBF1 /* Constants.swift in Sources */ = {isa = PBXBuildFile; fileRef = FBA356EF1DD5355100DEEBF1 /* Constants.swift */; };
		FBA356F21DD5371600DEEBF1 /* AppStorage.swift in Sources */ = {isa = PBXBuildFile; fileRef = FBA356F11DD5371600DEEBF1 /* AppStorage.swift */; };
		FBA356F81DD53B7000DEEBF1 /* UserService.swift in Sources */ = {isa = PBXBuildFile; fileRef = FBA356F71DD53B7000DEEBF1 /* UserService.swift */; };
		FBA356FA1DD53CF600DEEBF1 /* CredentialsType.swift in Sources */ = {isa = PBXBuildFile; fileRef = FBA356F91DD53CF600DEEBF1 /* CredentialsType.swift */; };
		FBA356FC1DD53D5B00DEEBF1 /* UserSignupViewController.swift in Sources */ = {isa = PBXBuildFile; fileRef = FBA356FB1DD53D5B00DEEBF1 /* UserSignupViewController.swift */; };
		FBB2E3941DCEBF1000EB24FB /* DomainError.swift in Sources */ = {isa = PBXBuildFile; fileRef = FBB2E3931DCEBF1000EB24FB /* DomainError.swift */; };
		FBE523431DCFDB9C006B3B1C /* Provider.swift in Sources */ = {isa = PBXBuildFile; fileRef = FBE523421DCFDB9C006B3B1C /* Provider.swift */; };
		FBE523451DCFE00E006B3B1C /* JSON.swift in Sources */ = {isa = PBXBuildFile; fileRef = FBE523441DCFE00E006B3B1C /* JSON.swift */; };
		FBE523481DCFE20A006B3B1C /* Functions.swift in Sources */ = {isa = PBXBuildFile; fileRef = FBE523471DCFE20A006B3B1C /* Functions.swift */; };
		FBE5234A1DCFEE7C006B3B1C /* ColorsService.swift in Sources */ = {isa = PBXBuildFile; fileRef = FBE523491DCFEE7C006B3B1C /* ColorsService.swift */; };
		FBE5234D1DCFEFC4006B3B1C /* Color.swift in Sources */ = {isa = PBXBuildFile; fileRef = FBE5234C1DCFEFC4006B3B1C /* Color.swift */; };
/* End PBXBuildFile section */

/* Begin PBXContainerItemProxy section */
		FB34755B1DCEBAED00B9873F /* PBXContainerItemProxy */ = {
			isa = PBXContainerItemProxy;
			containerPortal = FB34753E1DCEBAEC00B9873F /* Project object */;
			proxyType = 1;
			remoteGlobalIDString = FB3475451DCEBAEC00B9873F;
			remoteInfo = Example;
		};
/* End PBXContainerItemProxy section */

/* Begin PBXFileReference section */
		39F233452E577B1696E3FF9D /* Pods-ExampleTests.release.xcconfig */ = {isa = PBXFileReference; includeInIndex = 1; lastKnownFileType = text.xcconfig; name = "Pods-ExampleTests.release.xcconfig"; path = "Pods/Target Support Files/Pods-ExampleTests/Pods-ExampleTests.release.xcconfig"; sourceTree = "<group>"; };
		418555A15A040D7520D59D0E /* Pods_ExampleTests.framework */ = {isa = PBXFileReference; explicitFileType = wrapper.framework; includeInIndex = 0; path = Pods_ExampleTests.framework; sourceTree = BUILT_PRODUCTS_DIR; };
		4514D9D2882566FAEE5C5FCF /* Pods-Example.debug.xcconfig */ = {isa = PBXFileReference; includeInIndex = 1; lastKnownFileType = text.xcconfig; name = "Pods-Example.debug.xcconfig"; path = "Pods/Target Support Files/Pods-Example/Pods-Example.debug.xcconfig"; sourceTree = "<group>"; };
		63B689686B837933F3BEB315 /* Pods-ExampleTests.debug.xcconfig */ = {isa = PBXFileReference; includeInIndex = 1; lastKnownFileType = text.xcconfig; name = "Pods-ExampleTests.debug.xcconfig"; path = "Pods/Target Support Files/Pods-ExampleTests/Pods-ExampleTests.debug.xcconfig"; sourceTree = "<group>"; };
		890510C594FB2F975E371DD3 /* Pods-Example.release.xcconfig */ = {isa = PBXFileReference; includeInIndex = 1; lastKnownFileType = text.xcconfig; name = "Pods-Example.release.xcconfig"; path = "Pods/Target Support Files/Pods-Example/Pods-Example.release.xcconfig"; sourceTree = "<group>"; };
		97F1215CC4667B9D148EDD1A /* Pods_Example.framework */ = {isa = PBXFileReference; explicitFileType = wrapper.framework; includeInIndex = 0; path = Pods_Example.framework; sourceTree = BUILT_PRODUCTS_DIR; };
		FB12E5611DD7A672002214A7 /* Example.entitlements */ = {isa = PBXFileReference; lastKnownFileType = text.plist.entitlements; name = Example.entitlements; path = Example/Example.entitlements; sourceTree = "<group>"; };
		FB1E0A2F1DDFE1CA00738DB2 /* Results+toArray.swift */ = {isa = PBXFileReference; fileEncoding = 4; lastKnownFileType = sourcecode.swift; path = "Results+toArray.swift"; sourceTree = "<group>"; };
		FB1E0A341DE008A000738DB2 /* UserSignupViewModel.swift */ = {isa = PBXFileReference; fileEncoding = 4; lastKnownFileType = sourcecode.swift; path = UserSignupViewModel.swift; sourceTree = "<group>"; };
		FB1E0A391DE00C9700738DB2 /* UserProvisioningService.swift */ = {isa = PBXFileReference; fileEncoding = 4; lastKnownFileType = sourcecode.swift; path = UserProvisioningService.swift; sourceTree = "<group>"; };
		FB1E0A3B1DE00CB800738DB2 /* ProvisioningServiceType.swift */ = {isa = PBXFileReference; fileEncoding = 4; lastKnownFileType = sourcecode.swift; path = ProvisioningServiceType.swift; sourceTree = "<group>"; };
		FB1E0A3D1DE0120400738DB2 /* UserAuthenticationToken.swift */ = {isa = PBXFileReference; fileEncoding = 4; lastKnownFileType = sourcecode.swift; path = UserAuthenticationToken.swift; sourceTree = "<group>"; };
		FB1E0A471DE0DB1200738DB2 /* Bindable.swift */ = {isa = PBXFileReference; fileEncoding = 4; lastKnownFileType = sourcecode.swift; path = Bindable.swift; sourceTree = "<group>"; };
		FB1E0A4D1DE0E11500738DB2 /* InputValidationService.swift */ = {isa = PBXFileReference; fileEncoding = 4; lastKnownFileType = sourcecode.swift; path = InputValidationService.swift; sourceTree = "<group>"; };
		FB3475461DCEBAEC00B9873F /* Example.app */ = {isa = PBXFileReference; explicitFileType = wrapper.application; includeInIndex = 0; path = Example.app; sourceTree = BUILT_PRODUCTS_DIR; };
		FB3475491DCEBAEC00B9873F /* AppDelegate.swift */ = {isa = PBXFileReference; lastKnownFileType = sourcecode.swift; path = AppDelegate.swift; sourceTree = "<group>"; };
		FB34754B1DCEBAEC00B9873F /* ViewController.swift */ = {isa = PBXFileReference; lastKnownFileType = sourcecode.swift; path = ViewController.swift; sourceTree = "<group>"; };
		FB34754E1DCEBAEC00B9873F /* Base */ = {isa = PBXFileReference; lastKnownFileType = file.storyboard; name = Base; path = Base.lproj/Main.storyboard; sourceTree = "<group>"; };
		FB3475501DCEBAEC00B9873F /* Assets.xcassets */ = {isa = PBXFileReference; lastKnownFileType = folder.assetcatalog; path = Assets.xcassets; sourceTree = "<group>"; };
		FB3475531DCEBAEC00B9873F /* Base */ = {isa = PBXFileReference; lastKnownFileType = file.storyboard; name = Base; path = Base.lproj/LaunchScreen.storyboard; sourceTree = "<group>"; };
		FB3475551DCEBAEC00B9873F /* Info.plist */ = {isa = PBXFileReference; lastKnownFileType = text.plist.xml; path = Info.plist; sourceTree = "<group>"; };
		FB34755A1DCEBAED00B9873F /* ExampleTests.xctest */ = {isa = PBXFileReference; explicitFileType = wrapper.cfbundle; includeInIndex = 0; path = ExampleTests.xctest; sourceTree = BUILT_PRODUCTS_DIR; };
		FB34755E1DCEBAED00B9873F /* ExampleTests.swift */ = {isa = PBXFileReference; lastKnownFileType = sourcecode.swift; path = ExampleTests.swift; sourceTree = "<group>"; };
		FB3475601DCEBAED00B9873F /* Info.plist */ = {isa = PBXFileReference; lastKnownFileType = text.plist.xml; path = Info.plist; sourceTree = "<group>"; };
		FB34756A1DCEBBFC00B9873F /* NetworkServiceType.swift */ = {isa = PBXFileReference; fileEncoding = 4; lastKnownFileType = sourcecode.swift; path = NetworkServiceType.swift; sourceTree = "<group>"; };
		FB654ABC1DE124810016627E /* UIViewController+Alert.swift */ = {isa = PBXFileReference; fileEncoding = 4; lastKnownFileType = sourcecode.swift; path = "UIViewController+Alert.swift"; sourceTree = "<group>"; };
		FB654ABE1DE124CA0016627E /* UIAlertController+Convenience.swift */ = {isa = PBXFileReference; fileEncoding = 4; lastKnownFileType = sourcecode.swift; path = "UIAlertController+Convenience.swift"; sourceTree = "<group>"; };
		FB654AC01DE127820016627E /* UserSignupViewModel+Delegate.swift */ = {isa = PBXFileReference; fileEncoding = 4; lastKnownFileType = sourcecode.swift; path = "UserSignupViewModel+Delegate.swift"; sourceTree = "<group>"; };
		FB654AC21DE207510016627E /* Segue+Perform.swift */ = {isa = PBXFileReference; fileEncoding = 4; lastKnownFileType = sourcecode.swift; path = "Segue+Perform.swift"; sourceTree = "<group>"; };
		FB654AC41DE207B10016627E /* ColorsViewController.swift */ = {isa = PBXFileReference; fileEncoding = 4; lastKnownFileType = sourcecode.swift; path = ColorsViewController.swift; sourceTree = "<group>"; };
		FB81DFA61DD2A44000EE4615 /* User.swift */ = {isa = PBXFileReference; fileEncoding = 4; lastKnownFileType = sourcecode.swift; path = User.swift; sourceTree = "<group>"; };
		FB81DFA81DD2A5A100EE4615 /* ServiceLocator.swift */ = {isa = PBXFileReference; fileEncoding = 4; lastKnownFileType = sourcecode.swift; path = ServiceLocator.swift; sourceTree = "<group>"; };
		FB81DFAB1DD2A7A200EE4615 /* UIColor+Hex.swift */ = {isa = PBXFileReference; fileEncoding = 4; lastKnownFileType = sourcecode.swift; path = "UIColor+Hex.swift"; sourceTree = "<group>"; };
		FBA356ED1DD534EB00DEEBF1 /* KeychainService.swift */ = {isa = PBXFileReference; fileEncoding = 4; lastKnownFileType = sourcecode.swift; path = KeychainService.swift; sourceTree = "<group>"; };
		FBA356EF1DD5355100DEEBF1 /* Constants.swift */ = {isa = PBXFileReference; fileEncoding = 4; lastKnownFileType = sourcecode.swift; path = Constants.swift; sourceTree = "<group>"; };
		FBA356F11DD5371600DEEBF1 /* AppStorage.swift */ = {isa = PBXFileReference; fileEncoding = 4; lastKnownFileType = sourcecode.swift; path = AppStorage.swift; sourceTree = "<group>"; };
		FBA356F71DD53B7000DEEBF1 /* UserService.swift */ = {isa = PBXFileReference; fileEncoding = 4; lastKnownFileType = sourcecode.swift; path = UserService.swift; sourceTree = "<group>"; };
		FBA356F91DD53CF600DEEBF1 /* CredentialsType.swift */ = {isa = PBXFileReference; fileEncoding = 4; lastKnownFileType = sourcecode.swift; path = CredentialsType.swift; sourceTree = "<group>"; };
		FBA356FB1DD53D5B00DEEBF1 /* UserSignupViewController.swift */ = {isa = PBXFileReference; fileEncoding = 4; lastKnownFileType = sourcecode.swift; path = UserSignupViewController.swift; sourceTree = "<group>"; };
		FBB2E3931DCEBF1000EB24FB /* DomainError.swift */ = {isa = PBXFileReference; fileEncoding = 4; lastKnownFileType = sourcecode.swift; path = DomainError.swift; sourceTree = "<group>"; };
		FBE523421DCFDB9C006B3B1C /* Provider.swift */ = {isa = PBXFileReference; fileEncoding = 4; lastKnownFileType = sourcecode.swift; path = Provider.swift; sourceTree = "<group>"; };
		FBE523441DCFE00E006B3B1C /* JSON.swift */ = {isa = PBXFileReference; fileEncoding = 4; lastKnownFileType = sourcecode.swift; path = JSON.swift; sourceTree = "<group>"; };
		FBE523471DCFE20A006B3B1C /* Functions.swift */ = {isa = PBXFileReference; fileEncoding = 4; lastKnownFileType = sourcecode.swift; path = Functions.swift; sourceTree = "<group>"; };
		FBE523491DCFEE7C006B3B1C /* ColorsService.swift */ = {isa = PBXFileReference; fileEncoding = 4; lastKnownFileType = sourcecode.swift; path = ColorsService.swift; sourceTree = "<group>"; };
		FBE5234C1DCFEFC4006B3B1C /* Color.swift */ = {isa = PBXFileReference; fileEncoding = 4; lastKnownFileType = sourcecode.swift; path = Color.swift; sourceTree = "<group>"; };
/* End PBXFileReference section */

/* Begin PBXFrameworksBuildPhase section */
		FB3475431DCEBAEC00B9873F /* Frameworks */ = {
			isa = PBXFrameworksBuildPhase;
			buildActionMask = 2147483647;
			files = (
				913628AC6D93CEA7FE704FE0 /* Pods_Example.framework in Frameworks */,
			);
			runOnlyForDeploymentPostprocessing = 0;
		};
		FB3475571DCEBAED00B9873F /* Frameworks */ = {
			isa = PBXFrameworksBuildPhase;
			buildActionMask = 2147483647;
			files = (
				8BCB0195FF465ECB27A3736A /* Pods_ExampleTests.framework in Frameworks */,
			);
			runOnlyForDeploymentPostprocessing = 0;
		};
/* End PBXFrameworksBuildPhase section */

/* Begin PBXGroup section */
		607590A4294BDE550FE11863 /* Pods */ = {
			isa = PBXGroup;
			children = (
				4514D9D2882566FAEE5C5FCF /* Pods-Example.debug.xcconfig */,
				890510C594FB2F975E371DD3 /* Pods-Example.release.xcconfig */,
				63B689686B837933F3BEB315 /* Pods-ExampleTests.debug.xcconfig */,
				39F233452E577B1696E3FF9D /* Pods-ExampleTests.release.xcconfig */,
			);
			name = Pods;
			sourceTree = "<group>";
		};
		D2B82EE37A95CD0AF72C7164 /* Frameworks */ = {
			isa = PBXGroup;
			children = (
				97F1215CC4667B9D148EDD1A /* Pods_Example.framework */,
				418555A15A040D7520D59D0E /* Pods_ExampleTests.framework */,
			);
			name = Frameworks;
			sourceTree = "<group>";
		};
		FB1E0A2E1DDFE05300738DB2 /* Models */ = {
			isa = PBXGroup;
			children = (
				FBE5234C1DCFEFC4006B3B1C /* Color.swift */,
				FB1E0A3D1DE0120400738DB2 /* UserAuthenticationToken.swift */,
				FB81DFA61DD2A44000EE4615 /* User.swift */,
			);
			name = Models;
			sourceTree = "<group>";
		};
		FB1E0A311DDFE6D200738DB2 /* Networking */ = {
			isa = PBXGroup;
			children = (
				FBA356F71DD53B7000DEEBF1 /* UserService.swift */,
				FBE523421DCFDB9C006B3B1C /* Provider.swift */,
				FBE523491DCFEE7C006B3B1C /* ColorsService.swift */,
			);
			name = Networking;
			sourceTree = "<group>";
		};
		FB1E0A331DDFE6EC00738DB2 /* Authorization */ = {
			isa = PBXGroup;
			children = (
				FBA356ED1DD534EB00DEEBF1 /* KeychainService.swift */,
			);
			name = Authorization;
			sourceTree = "<group>";
		};
		FB1E0A381DE00C5900738DB2 /* UserService */ = {
			isa = PBXGroup;
			children = (
				FB1E0A391DE00C9700738DB2 /* UserProvisioningService.swift */,
			);
			name = UserService;
			sourceTree = "<group>";
		};
		FB34753D1DCEBAEC00B9873F = {
			isa = PBXGroup;
			children = (
				FB12E5611DD7A672002214A7 /* Example.entitlements */,
				FB3475481DCEBAEC00B9873F /* Sources */,
				FB34755D1DCEBAED00B9873F /* ExampleTests */,
				FB3475471DCEBAEC00B9873F /* Products */,
				607590A4294BDE550FE11863 /* Pods */,
				D2B82EE37A95CD0AF72C7164 /* Frameworks */,
			);
			sourceTree = "<group>";
		};
		FB3475471DCEBAEC00B9873F /* Products */ = {
			isa = PBXGroup;
			children = (
				FB3475461DCEBAEC00B9873F /* Example.app */,
				FB34755A1DCEBAED00B9873F /* ExampleTests.xctest */,
			);
			name = Products;
			sourceTree = "<group>";
		};
		FB3475481DCEBAEC00B9873F /* Sources */ = {
			isa = PBXGroup;
			children = (
				FB81DFAA1DD2A79300EE4615 /* Extensions */,
				FB81DFAE1DD2AA4100EE4615 /* Protocols */,
				FBE5234B1DCFEFB9006B3B1C /* Models */,
				FB3475691DCEBBEC00B9873F /* Services */,
				FB81DFAF1DD2AA4900EE4615 /* ViewModels */,
				FB81DFB01DD2AA5A00EE4615 /* Controllers */,
				FB81DFB11DD2AA8900EE4615 /* Views */,
				FBE523461DCFE1F1006B3B1C /* Common */,
				FB81DFB21DD2AAF500EE4615 /* Resources */,
			);
			name = Sources;
			path = Example;
			sourceTree = "<group>";
		};
		FB34755D1DCEBAED00B9873F /* ExampleTests */ = {
			isa = PBXGroup;
			children = (
				FB81DFB81DD2AB5A00EE4615 /* Tests */,
				FB81DFB71DD2AB5400EE4615 /* Helpers */,
				FB81DFB61DD2AB4B00EE4615 /* Resources */,
			);
			path = ExampleTests;
			sourceTree = "<group>";
		};
		FB3475691DCEBBEC00B9873F /* Services */ = {
			isa = PBXGroup;
			children = (
				FB1E0A381DE00C5900738DB2 /* UserService */,
				FB1E0A331DDFE6EC00738DB2 /* Authorization */,
				FB1E0A311DDFE6D200738DB2 /* Networking */,
				FB81DFA81DD2A5A100EE4615 /* ServiceLocator.swift */,
				FB1E0A4D1DE0E11500738DB2 /* InputValidationService.swift */,
			);
			name = Services;
			sourceTree = "<group>";
		};
		FB81DFAA1DD2A79300EE4615 /* Extensions */ = {
			isa = PBXGroup;
			children = (
				FB81DFAB1DD2A7A200EE4615 /* UIColor+Hex.swift */,
				FB1E0A2F1DDFE1CA00738DB2 /* Results+toArray.swift */,
				FB654ABC1DE124810016627E /* UIViewController+Alert.swift */,
				FB654ABE1DE124CA0016627E /* UIAlertController+Convenience.swift */,
				FB654AC21DE207510016627E /* Segue+Perform.swift */,
			);
			name = Extensions;
			sourceTree = "<group>";
		};
		FB81DFAE1DD2AA4100EE4615 /* Protocols */ = {
			isa = PBXGroup;
			children = (
				FB34756A1DCEBBFC00B9873F /* NetworkServiceType.swift */,
				FBA356F91DD53CF600DEEBF1 /* CredentialsType.swift */,
				FB1E0A3B1DE00CB800738DB2 /* ProvisioningServiceType.swift */,
				FB654AC01DE127820016627E /* UserSignupViewModel+Delegate.swift */,
			);
			name = Protocols;
			sourceTree = "<group>";
		};
		FB81DFAF1DD2AA4900EE4615 /* ViewModels */ = {
			isa = PBXGroup;
			children = (
				FB1E0A341DE008A000738DB2 /* UserSignupViewModel.swift */,
			);
			name = ViewModels;
			sourceTree = "<group>";
		};
		FB81DFB01DD2AA5A00EE4615 /* Controllers */ = {
			isa = PBXGroup;
			children = (
				FB3475491DCEBAEC00B9873F /* AppDelegate.swift */,
				FB34754B1DCEBAEC00B9873F /* ViewController.swift */,
				FBA356FB1DD53D5B00DEEBF1 /* UserSignupViewController.swift */,
				FB654AC41DE207B10016627E /* ColorsViewController.swift */,
			);
			name = Controllers;
			sourceTree = "<group>";
		};
		FB81DFB11DD2AA8900EE4615 /* Views */ = {
			isa = PBXGroup;
			children = (
			);
			name = Views;
			sourceTree = "<group>";
		};
		FB81DFB21DD2AAF500EE4615 /* Resources */ = {
			isa = PBXGroup;
			children = (
				FB3475501DCEBAEC00B9873F /* Assets.xcassets */,
				FB81DFB31DD2AB0300EE4615 /* Storyboards */,
				FB81DFB41DD2AB0B00EE4615 /* Nibs */,
				FB81DFB51DD2AB1600EE4615 /* Other-Sources */,
			);
			name = Resources;
			sourceTree = "<group>";
		};
		FB81DFB31DD2AB0300EE4615 /* Storyboards */ = {
			isa = PBXGroup;
			children = (
				FB34754D1DCEBAEC00B9873F /* Main.storyboard */,
				FB3475521DCEBAEC00B9873F /* LaunchScreen.storyboard */,
			);
			name = Storyboards;
			sourceTree = "<group>";
		};
		FB81DFB41DD2AB0B00EE4615 /* Nibs */ = {
			isa = PBXGroup;
			children = (
			);
			name = Nibs;
			sourceTree = "<group>";
		};
		FB81DFB51DD2AB1600EE4615 /* Other-Sources */ = {
			isa = PBXGroup;
			children = (
				FB3475551DCEBAEC00B9873F /* Info.plist */,
			);
			name = "Other-Sources";
			sourceTree = "<group>";
		};
		FB81DFB61DD2AB4B00EE4615 /* Resources */ = {
			isa = PBXGroup;
			children = (
				FB3475601DCEBAED00B9873F /* Info.plist */,
			);
			name = Resources;
			sourceTree = "<group>";
		};
		FB81DFB71DD2AB5400EE4615 /* Helpers */ = {
			isa = PBXGroup;
			children = (
			);
			name = Helpers;
			sourceTree = "<group>";
		};
		FB81DFB81DD2AB5A00EE4615 /* Tests */ = {
			isa = PBXGroup;
			children = (
				FB34755E1DCEBAED00B9873F /* ExampleTests.swift */,
			);
			name = Tests;
			sourceTree = "<group>";
		};
		FBE523461DCFE1F1006B3B1C /* Common */ = {
			isa = PBXGroup;
			children = (
				FBE523441DCFE00E006B3B1C /* JSON.swift */,
				FBB2E3931DCEBF1000EB24FB /* DomainError.swift */,
				FBE523471DCFE20A006B3B1C /* Functions.swift */,
				FBA356EF1DD5355100DEEBF1 /* Constants.swift */,
				FBA356F11DD5371600DEEBF1 /* AppStorage.swift */,
				FB1E0A471DE0DB1200738DB2 /* Bindable.swift */,
			);
			name = Common;
			sourceTree = "<group>";
		};
		FBE5234B1DCFEFB9006B3B1C /* Models */ = {
			isa = PBXGroup;
			children = (
				FB1E0A2E1DDFE05300738DB2 /* Models */,
			);
			name = Models;
			sourceTree = "<group>";
		};
/* End PBXGroup section */

/* Begin PBXNativeTarget section */
		FB3475451DCEBAEC00B9873F /* Example */ = {
			isa = PBXNativeTarget;
			buildConfigurationList = FB3475631DCEBAED00B9873F /* Build configuration list for PBXNativeTarget "Example" */;
			buildPhases = (
				FF62CC2BCDCC0730A7EFB934 /* [CP] Check Pods Manifest.lock */,
				FB3475421DCEBAEC00B9873F /* Sources */,
				FB3475431DCEBAEC00B9873F /* Frameworks */,
				FB3475441DCEBAEC00B9873F /* Resources */,
				3145DC618CFB424ECD6FFDD7 /* [CP] Embed Pods Frameworks */,
				3392F51C75E41B114995344B /* [CP] Copy Pods Resources */,
			);
			buildRules = (
			);
			dependencies = (
			);
			name = Example;
			productName = Example;
			productReference = FB3475461DCEBAEC00B9873F /* Example.app */;
			productType = "com.apple.product-type.application";
		};
		FB3475591DCEBAED00B9873F /* ExampleTests */ = {
			isa = PBXNativeTarget;
			buildConfigurationList = FB3475661DCEBAED00B9873F /* Build configuration list for PBXNativeTarget "ExampleTests" */;
			buildPhases = (
				69A359101E719921D64B5C22 /* [CP] Check Pods Manifest.lock */,
				FB3475561DCEBAED00B9873F /* Sources */,
				FB3475571DCEBAED00B9873F /* Frameworks */,
				FB3475581DCEBAED00B9873F /* Resources */,
				18EE630A1B2AE21E4F44F403 /* [CP] Embed Pods Frameworks */,
				73EA951E5D4F11C0DDF97870 /* [CP] Copy Pods Resources */,
			);
			buildRules = (
			);
			dependencies = (
				FB34755C1DCEBAED00B9873F /* PBXTargetDependency */,
			);
			name = ExampleTests;
			productName = ExampleTests;
			productReference = FB34755A1DCEBAED00B9873F /* ExampleTests.xctest */;
			productType = "com.apple.product-type.bundle.unit-test";
		};
/* End PBXNativeTarget section */

/* Begin PBXProject section */
		FB34753E1DCEBAEC00B9873F /* Project object */ = {
			isa = PBXProject;
			attributes = {
				LastSwiftUpdateCheck = 0810;
				LastUpgradeCheck = 0810;
				ORGANIZATIONNAME = betterPT;
				TargetAttributes = {
					FB3475451DCEBAEC00B9873F = {
						CreatedOnToolsVersion = 8.1;
						DevelopmentTeam = 8B3HWWP4VZ;
						ProvisioningStyle = Automatic;
						SystemCapabilities = {
							com.apple.Keychain = {
								enabled = 1;
							};
						};
					};
					FB3475591DCEBAED00B9873F = {
						CreatedOnToolsVersion = 8.1;
						DevelopmentTeam = 8B3HWWP4VZ;
						ProvisioningStyle = Automatic;
						TestTargetID = FB3475451DCEBAEC00B9873F;
					};
				};
			};
			buildConfigurationList = FB3475411DCEBAEC00B9873F /* Build configuration list for PBXProject "Example" */;
			compatibilityVersion = "Xcode 3.2";
			developmentRegion = English;
			hasScannedForEncodings = 0;
			knownRegions = (
				en,
				Base,
			);
			mainGroup = FB34753D1DCEBAEC00B9873F;
			productRefGroup = FB3475471DCEBAEC00B9873F /* Products */;
			projectDirPath = "";
			projectRoot = "";
			targets = (
				FB3475451DCEBAEC00B9873F /* Example */,
				FB3475591DCEBAED00B9873F /* ExampleTests */,
			);
		};
/* End PBXProject section */

/* Begin PBXResourcesBuildPhase section */
		FB3475441DCEBAEC00B9873F /* Resources */ = {
			isa = PBXResourcesBuildPhase;
			buildActionMask = 2147483647;
			files = (
				FB3475541DCEBAEC00B9873F /* LaunchScreen.storyboard in Resources */,
				FB3475511DCEBAEC00B9873F /* Assets.xcassets in Resources */,
				FB34754F1DCEBAEC00B9873F /* Main.storyboard in Resources */,
			);
			runOnlyForDeploymentPostprocessing = 0;
		};
		FB3475581DCEBAED00B9873F /* Resources */ = {
			isa = PBXResourcesBuildPhase;
			buildActionMask = 2147483647;
			files = (
			);
			runOnlyForDeploymentPostprocessing = 0;
		};
/* End PBXResourcesBuildPhase section */

/* Begin PBXShellScriptBuildPhase section */
		18EE630A1B2AE21E4F44F403 /* [CP] Embed Pods Frameworks */ = {
			isa = PBXShellScriptBuildPhase;
			buildActionMask = 2147483647;
			files = (
			);
			inputPaths = (
			);
			name = "[CP] Embed Pods Frameworks";
			outputPaths = (
			);
			runOnlyForDeploymentPostprocessing = 0;
			shellPath = /bin/sh;
			shellScript = "\"${SRCROOT}/Pods/Target Support Files/Pods-ExampleTests/Pods-ExampleTests-frameworks.sh\"\n";
			showEnvVarsInLog = 0;
		};
		3145DC618CFB424ECD6FFDD7 /* [CP] Embed Pods Frameworks */ = {
			isa = PBXShellScriptBuildPhase;
			buildActionMask = 2147483647;
			files = (
			);
			inputPaths = (
			);
			name = "[CP] Embed Pods Frameworks";
			outputPaths = (
			);
			runOnlyForDeploymentPostprocessing = 0;
			shellPath = /bin/sh;
			shellScript = "\"${SRCROOT}/Pods/Target Support Files/Pods-Example/Pods-Example-frameworks.sh\"\n";
			showEnvVarsInLog = 0;
		};
		3392F51C75E41B114995344B /* [CP] Copy Pods Resources */ = {
			isa = PBXShellScriptBuildPhase;
			buildActionMask = 2147483647;
			files = (
			);
			inputPaths = (
			);
			name = "[CP] Copy Pods Resources";
			outputPaths = (
			);
			runOnlyForDeploymentPostprocessing = 0;
			shellPath = /bin/sh;
			shellScript = "\"${SRCROOT}/Pods/Target Support Files/Pods-Example/Pods-Example-resources.sh\"\n";
			showEnvVarsInLog = 0;
		};
		69A359101E719921D64B5C22 /* [CP] Check Pods Manifest.lock */ = {
			isa = PBXShellScriptBuildPhase;
			buildActionMask = 2147483647;
			files = (
			);
			inputPaths = (
			);
			name = "[CP] Check Pods Manifest.lock";
			outputPaths = (
			);
			runOnlyForDeploymentPostprocessing = 0;
			shellPath = /bin/sh;
			shellScript = "diff \"${PODS_ROOT}/../Podfile.lock\" \"${PODS_ROOT}/Manifest.lock\" > /dev/null\nif [ $? != 0 ] ; then\n    # print error to STDERR\n    echo \"error: The sandbox is not in sync with the Podfile.lock. Run 'pod install' or update your CocoaPods installation.\" >&2\n    exit 1\nfi\n";
			showEnvVarsInLog = 0;
		};
		73EA951E5D4F11C0DDF97870 /* [CP] Copy Pods Resources */ = {
			isa = PBXShellScriptBuildPhase;
			buildActionMask = 2147483647;
			files = (
			);
			inputPaths = (
			);
			name = "[CP] Copy Pods Resources";
			outputPaths = (
			);
			runOnlyForDeploymentPostprocessing = 0;
			shellPath = /bin/sh;
			shellScript = "\"${SRCROOT}/Pods/Target Support Files/Pods-ExampleTests/Pods-ExampleTests-resources.sh\"\n";
			showEnvVarsInLog = 0;
		};
		FF62CC2BCDCC0730A7EFB934 /* [CP] Check Pods Manifest.lock */ = {
			isa = PBXShellScriptBuildPhase;
			buildActionMask = 2147483647;
			files = (
			);
			inputPaths = (
			);
			name = "[CP] Check Pods Manifest.lock";
			outputPaths = (
			);
			runOnlyForDeploymentPostprocessing = 0;
			shellPath = /bin/sh;
			shellScript = "diff \"${PODS_ROOT}/../Podfile.lock\" \"${PODS_ROOT}/Manifest.lock\" > /dev/null\nif [ $? != 0 ] ; then\n    # print error to STDERR\n    echo \"error: The sandbox is not in sync with the Podfile.lock. Run 'pod install' or update your CocoaPods installation.\" >&2\n    exit 1\nfi\n";
			showEnvVarsInLog = 0;
		};
/* End PBXShellScriptBuildPhase section */

/* Begin PBXSourcesBuildPhase section */
		FB3475421DCEBAEC00B9873F /* Sources */ = {
			isa = PBXSourcesBuildPhase;
			buildActionMask = 2147483647;
			files = (
				FB654AC11DE127820016627E /* UserSignupViewModel+Delegate.swift in Sources */,
				FB34754C1DCEBAEC00B9873F /* ViewController.swift in Sources */,
				FBA356FC1DD53D5B00DEEBF1 /* UserSignupViewController.swift in Sources */,
				FB1E0A4E1DE0E11500738DB2 /* InputValidationService.swift in Sources */,
				FB34756B1DCEBBFC00B9873F /* NetworkServiceType.swift in Sources */,
				FBA356F81DD53B7000DEEBF1 /* UserService.swift in Sources */,
				FBB2E3941DCEBF1000EB24FB /* DomainError.swift in Sources */,
				FB81DFA91DD2A5A100EE4615 /* ServiceLocator.swift in Sources */,
				FBE5234A1DCFEE7C006B3B1C /* ColorsService.swift in Sources */,
				FB1E0A3C1DE00CB800738DB2 /* ProvisioningServiceType.swift in Sources */,
				FB654AC51DE207B10016627E /* ColorsViewController.swift in Sources */,
				FBE523481DCFE20A006B3B1C /* Functions.swift in Sources */,
				FB1E0A481DE0DB1200738DB2 /* Bindable.swift in Sources */,
				FB1E0A301DDFE1CA00738DB2 /* Results+toArray.swift in Sources */,
				FB654ABF1DE124CA0016627E /* UIAlertController+Convenience.swift in Sources */,
				FB1E0A351DE008A000738DB2 /* UserSignupViewModel.swift in Sources */,
				FBE523451DCFE00E006B3B1C /* JSON.swift in Sources */,
				FB654AC31DE207510016627E /* Segue+Perform.swift in Sources */,
				FBE523431DCFDB9C006B3B1C /* Provider.swift in Sources */,
				FB34754A1DCEBAEC00B9873F /* AppDelegate.swift in Sources */,
				FBA356FA1DD53CF600DEEBF1 /* CredentialsType.swift in Sources */,
				FBA356F21DD5371600DEEBF1 /* AppStorage.swift in Sources */,
				FB654ABD1DE124810016627E /* UIViewController+Alert.swift in Sources */,
				FB81DFAC1DD2A7A200EE4615 /* UIColor+Hex.swift in Sources */,
				FB81DFA71DD2A44000EE4615 /* User.swift in Sources */,
				FBA356F01DD5355100DEEBF1 /* Constants.swift in Sources */,
				FB1E0A3E1DE0120400738DB2 /* UserAuthenticationToken.swift in Sources */,
				FBE5234D1DCFEFC4006B3B1C /* Color.swift in Sources */,
				FBA356EE1DD534EB00DEEBF1 /* KeychainService.swift in Sources */,
				FB1E0A3A1DE00C9700738DB2 /* UserProvisioningService.swift in Sources */,
			);
			runOnlyForDeploymentPostprocessing = 0;
		};
		FB3475561DCEBAED00B9873F /* Sources */ = {
			isa = PBXSourcesBuildPhase;
			buildActionMask = 2147483647;
			files = (
				FB34755F1DCEBAED00B9873F /* ExampleTests.swift in Sources */,
			);
			runOnlyForDeploymentPostprocessing = 0;
		};
/* End PBXSourcesBuildPhase section */

/* Begin PBXTargetDependency section */
		FB34755C1DCEBAED00B9873F /* PBXTargetDependency */ = {
			isa = PBXTargetDependency;
			target = FB3475451DCEBAEC00B9873F /* Example */;
			targetProxy = FB34755B1DCEBAED00B9873F /* PBXContainerItemProxy */;
		};
/* End PBXTargetDependency section */

/* Begin PBXVariantGroup section */
		FB34754D1DCEBAEC00B9873F /* Main.storyboard */ = {
			isa = PBXVariantGroup;
			children = (
				FB34754E1DCEBAEC00B9873F /* Base */,
			);
			name = Main.storyboard;
			sourceTree = "<group>";
		};
		FB3475521DCEBAEC00B9873F /* LaunchScreen.storyboard */ = {
			isa = PBXVariantGroup;
			children = (
				FB3475531DCEBAEC00B9873F /* Base */,
			);
			name = LaunchScreen.storyboard;
			sourceTree = "<group>";
		};
/* End PBXVariantGroup section */

/* Begin XCBuildConfiguration section */
		FB3475611DCEBAED00B9873F /* Debug */ = {
			isa = XCBuildConfiguration;
			buildSettings = {
				ALWAYS_SEARCH_USER_PATHS = NO;
				CLANG_ANALYZER_NONNULL = YES;
				CLANG_CXX_LANGUAGE_STANDARD = "gnu++0x";
				CLANG_CXX_LIBRARY = "libc++";
				CLANG_ENABLE_MODULES = YES;
				CLANG_ENABLE_OBJC_ARC = YES;
				CLANG_WARN_BOOL_CONVERSION = YES;
				CLANG_WARN_CONSTANT_CONVERSION = YES;
				CLANG_WARN_DIRECT_OBJC_ISA_USAGE = YES_ERROR;
				CLANG_WARN_DOCUMENTATION_COMMENTS = YES;
				CLANG_WARN_EMPTY_BODY = YES;
				CLANG_WARN_ENUM_CONVERSION = YES;
				CLANG_WARN_INFINITE_RECURSION = YES;
				CLANG_WARN_INT_CONVERSION = YES;
				CLANG_WARN_OBJC_ROOT_CLASS = YES_ERROR;
				CLANG_WARN_SUSPICIOUS_MOVE = YES;
				CLANG_WARN_SUSPICIOUS_MOVES = YES;
				CLANG_WARN_UNREACHABLE_CODE = YES;
				CLANG_WARN__DUPLICATE_METHOD_MATCH = YES;
				"CODE_SIGN_IDENTITY[sdk=iphoneos*]" = "iPhone Developer";
				COPY_PHASE_STRIP = NO;
				DEBUG_INFORMATION_FORMAT = dwarf;
				ENABLE_STRICT_OBJC_MSGSEND = YES;
				ENABLE_TESTABILITY = YES;
				GCC_C_LANGUAGE_STANDARD = gnu99;
				GCC_DYNAMIC_NO_PIC = NO;
				GCC_NO_COMMON_BLOCKS = YES;
				GCC_OPTIMIZATION_LEVEL = 0;
				GCC_PREPROCESSOR_DEFINITIONS = (
					"DEBUG=1",
					"$(inherited)",
				);
				GCC_WARN_64_TO_32_BIT_CONVERSION = YES;
				GCC_WARN_ABOUT_RETURN_TYPE = YES_ERROR;
				GCC_WARN_UNDECLARED_SELECTOR = YES;
				GCC_WARN_UNINITIALIZED_AUTOS = YES_AGGRESSIVE;
				GCC_WARN_UNUSED_FUNCTION = YES;
				GCC_WARN_UNUSED_VARIABLE = YES;
				IPHONEOS_DEPLOYMENT_TARGET = 10.1;
				MTL_ENABLE_DEBUG_INFO = YES;
				ONLY_ACTIVE_ARCH = YES;
				SDKROOT = iphoneos;
				SWIFT_ACTIVE_COMPILATION_CONDITIONS = DEBUG;
				SWIFT_OPTIMIZATION_LEVEL = "-Onone";
			};
			name = Debug;
		};
		FB3475621DCEBAED00B9873F /* Release */ = {
			isa = XCBuildConfiguration;
			buildSettings = {
				ALWAYS_SEARCH_USER_PATHS = NO;
				CLANG_ANALYZER_NONNULL = YES;
				CLANG_CXX_LANGUAGE_STANDARD = "gnu++0x";
				CLANG_CXX_LIBRARY = "libc++";
				CLANG_ENABLE_MODULES = YES;
				CLANG_ENABLE_OBJC_ARC = YES;
				CLANG_WARN_BOOL_CONVERSION = YES;
				CLANG_WARN_CONSTANT_CONVERSION = YES;
				CLANG_WARN_DIRECT_OBJC_ISA_USAGE = YES_ERROR;
				CLANG_WARN_DOCUMENTATION_COMMENTS = YES;
				CLANG_WARN_EMPTY_BODY = YES;
				CLANG_WARN_ENUM_CONVERSION = YES;
				CLANG_WARN_INFINITE_RECURSION = YES;
				CLANG_WARN_INT_CONVERSION = YES;
				CLANG_WARN_OBJC_ROOT_CLASS = YES_ERROR;
				CLANG_WARN_SUSPICIOUS_MOVE = YES;
				CLANG_WARN_SUSPICIOUS_MOVES = YES;
				CLANG_WARN_UNREACHABLE_CODE = YES;
				CLANG_WARN__DUPLICATE_METHOD_MATCH = YES;
				"CODE_SIGN_IDENTITY[sdk=iphoneos*]" = "iPhone Developer";
				COPY_PHASE_STRIP = NO;
				DEBUG_INFORMATION_FORMAT = "dwarf-with-dsym";
				ENABLE_NS_ASSERTIONS = NO;
				ENABLE_STRICT_OBJC_MSGSEND = YES;
				GCC_C_LANGUAGE_STANDARD = gnu99;
				GCC_NO_COMMON_BLOCKS = YES;
				GCC_WARN_64_TO_32_BIT_CONVERSION = YES;
				GCC_WARN_ABOUT_RETURN_TYPE = YES_ERROR;
				GCC_WARN_UNDECLARED_SELECTOR = YES;
				GCC_WARN_UNINITIALIZED_AUTOS = YES_AGGRESSIVE;
				GCC_WARN_UNUSED_FUNCTION = YES;
				GCC_WARN_UNUSED_VARIABLE = YES;
				IPHONEOS_DEPLOYMENT_TARGET = 10.1;
				MTL_ENABLE_DEBUG_INFO = NO;
				SDKROOT = iphoneos;
				SWIFT_OPTIMIZATION_LEVEL = "-Owholemodule";
				VALIDATE_PRODUCT = YES;
			};
			name = Release;
		};
		FB3475641DCEBAED00B9873F /* Debug */ = {
			isa = XCBuildConfiguration;
			baseConfigurationReference = 4514D9D2882566FAEE5C5FCF /* Pods-Example.debug.xcconfig */;
			buildSettings = {
				ALWAYS_EMBED_SWIFT_STANDARD_LIBRARIES = YES;
				ASSETCATALOG_COMPILER_APPICON_NAME = AppIcon;
				CODE_SIGN_ENTITLEMENTS = Example/Example.entitlements;
				DEVELOPMENT_TEAM = 8B3HWWP4VZ;
				INFOPLIST_FILE = Example/Info.plist;
				LD_RUNPATH_SEARCH_PATHS = "$(inherited) @executable_path/Frameworks";
				PRODUCT_BUNDLE_IDENTIFIER = com.betterpt.mobile.Example;
				PRODUCT_NAME = "$(TARGET_NAME)";
				SWIFT_VERSION = 3.0;
			};
			name = Debug;
		};
		FB3475651DCEBAED00B9873F /* Release */ = {
			isa = XCBuildConfiguration;
			baseConfigurationReference = 890510C594FB2F975E371DD3 /* Pods-Example.release.xcconfig */;
			buildSettings = {
				ALWAYS_EMBED_SWIFT_STANDARD_LIBRARIES = YES;
				ASSETCATALOG_COMPILER_APPICON_NAME = AppIcon;
				CODE_SIGN_ENTITLEMENTS = Example/Example.entitlements;
				DEVELOPMENT_TEAM = 8B3HWWP4VZ;
				INFOPLIST_FILE = Example/Info.plist;
				LD_RUNPATH_SEARCH_PATHS = "$(inherited) @executable_path/Frameworks";
				PRODUCT_BUNDLE_IDENTIFIER = com.betterpt.mobile.Example;
				PRODUCT_NAME = "$(TARGET_NAME)";
				SWIFT_VERSION = 3.0;
			};
			name = Release;
		};
		FB3475671DCEBAED00B9873F /* Debug */ = {
			isa = XCBuildConfiguration;
			baseConfigurationReference = 63B689686B837933F3BEB315 /* Pods-ExampleTests.debug.xcconfig */;
			buildSettings = {
				ALWAYS_EMBED_SWIFT_STANDARD_LIBRARIES = YES;
				BUNDLE_LOADER = "$(TEST_HOST)";
				DEVELOPMENT_TEAM = 8B3HWWP4VZ;
				INFOPLIST_FILE = ExampleTests/Info.plist;
				LD_RUNPATH_SEARCH_PATHS = "$(inherited) @executable_path/Frameworks @loader_path/Frameworks";
				PRODUCT_BUNDLE_IDENTIFIER = com.betterpt.mobile.ExampleTests;
				PRODUCT_NAME = "$(TARGET_NAME)";
				SWIFT_VERSION = 3.0;
				TEST_HOST = "$(BUILT_PRODUCTS_DIR)/Example.app/Example";
			};
			name = Debug;
		};
		FB3475681DCEBAED00B9873F /* Release */ = {
			isa = XCBuildConfiguration;
			baseConfigurationReference = 39F233452E577B1696E3FF9D /* Pods-ExampleTests.release.xcconfig */;
			buildSettings = {
				ALWAYS_EMBED_SWIFT_STANDARD_LIBRARIES = YES;
				BUNDLE_LOADER = "$(TEST_HOST)";
				DEVELOPMENT_TEAM = 8B3HWWP4VZ;
				INFOPLIST_FILE = ExampleTests/Info.plist;
				LD_RUNPATH_SEARCH_PATHS = "$(inherited) @executable_path/Frameworks @loader_path/Frameworks";
				PRODUCT_BUNDLE_IDENTIFIER = com.betterpt.mobile.ExampleTests;
				PRODUCT_NAME = "$(TARGET_NAME)";
				SWIFT_VERSION = 3.0;
				TEST_HOST = "$(BUILT_PRODUCTS_DIR)/Example.app/Example";
			};
			name = Release;
		};
/* End XCBuildConfiguration section */

/* Begin XCConfigurationList section */
		FB3475411DCEBAEC00B9873F /* Build configuration list for PBXProject "Example" */ = {
			isa = XCConfigurationList;
			buildConfigurations = (
				FB3475611DCEBAED00B9873F /* Debug */,
				FB3475621DCEBAED00B9873F /* Release */,
			);
			defaultConfigurationIsVisible = 0;
			defaultConfigurationName = Release;
		};
		FB3475631DCEBAED00B9873F /* Build configuration list for PBXNativeTarget "Example" */ = {
			isa = XCConfigurationList;
			buildConfigurations = (
				FB3475641DCEBAED00B9873F /* Debug */,
				FB3475651DCEBAED00B9873F /* Release */,
			);
			defaultConfigurationIsVisible = 0;
			defaultConfigurationName = Release;
		};
		FB3475661DCEBAED00B9873F /* Build configuration list for PBXNativeTarget "ExampleTests" */ = {
			isa = XCConfigurationList;
			buildConfigurations = (
				FB3475671DCEBAED00B9873F /* Debug */,
				FB3475681DCEBAED00B9873F /* Release */,
			);
			defaultConfigurationIsVisible = 0;
			defaultConfigurationName = Release;
		};
/* End XCConfigurationList section */
	};
	rootObject = FB34753E1DCEBAEC00B9873F /* Project object */;
}
